
Microsoft Visual Studio Solution File, Format Version 12.00
# Visual Studio Version 17
VisualStudioVersion = 17.4.33213.308
MinimumVisualStudioVersion = 10.0.40219.1
Project("{FAE04EC0-301F-11D3-BF4B-00C04F79EFBC}") = "PRACTICA", "PRACTICA\PRACTICA.csproj", "{8109B5E1-DD5B-411C-8CF2-D25F8EBEF932}"
EndProject
Global
	GlobalSection(SolutionConfigurationPlatforms) = preSolution
		Debug|Any CPU = Debug|Any CPU
		Release|Any CPU = Release|Any CPU
	EndGlobalSection
	GlobalSection(ProjectConfigurationPlatforms) = postSolution
		{8109B5E1-DD5B-411C-8CF2-D25F8EBEF932}.Debug|Any CPU.ActiveCfg = Debug|Any CPU
		{8109B5E1-DD5B-411C-8CF2-D25F8EBEF932}.Debug|Any CPU.Build.0 = Debug|Any CPU
		{8109B5E1-DD5B-411C-8CF2-D25F8EBEF932}.Release|Any CPU.ActiveCfg = Release|Any CPU
		{8109B5E1-DD5B-411C-8CF2-D25F8EBEF932}.Release|Any CPU.Build.0 = Release|Any CPU
	EndGlobalSection
	GlobalSection(SolutionProperties) = preSolution
		HideSolutionNode = FALSE
	EndGlobalSection
	GlobalSection(ExtensibilityGlobals) = postSolution
		SolutionGuid = {52E76132-2938-43B8-A95B-1E2C2B90912C}
	EndGlobalSection
EndGlobal
